
Microsoft Visual Studio Solution File, Format Version 12.00
# Visual Studio 15
VisualStudioVersion = 15.0.28307.572
MinimumVisualStudioVersion = 10.0.40219.1
Project("{FAE04EC0-301F-11D3-BF4B-00C04F79EFBC}") = "EventStoreToy", "EventStoreToy\EventStoreToy.csproj", "{84937A3B-4145-44FE-9CED-4DFC9538B306}"
EndProject
Project("{FAE04EC0-301F-11D3-BF4B-00C04F79EFBC}") = "CounterService", "CounterService\CounterService.csproj", "{18F5D4D2-C186-44E3-9A16-25BEC2FD1BA8}"
EndProject
Project("{FAE04EC0-301F-11D3-BF4B-00C04F79EFBC}") = "CounterRandomizer", "CounterRandomizer\CounterRandomizer.csproj", "{72E83B64-24E0-4C46-8F45-F8623E5D5BEF}"
EndProject
Global
	GlobalSection(SolutionConfigurationPlatforms) = preSolution
		Debug|Any CPU = Debug|Any CPU
		Release|Any CPU = Release|Any CPU
	EndGlobalSection
	GlobalSection(ProjectConfigurationPlatforms) = postSolution
		{84937A3B-4145-44FE-9CED-4DFC9538B306}.Debug|Any CPU.ActiveCfg = Debug|Any CPU
		{84937A3B-4145-44FE-9CED-4DFC9538B306}.Debug|Any CPU.Build.0 = Debug|Any CPU
		{84937A3B-4145-44FE-9CED-4DFC9538B306}.Release|Any CPU.ActiveCfg = Release|Any CPU
		{84937A3B-4145-44FE-9CED-4DFC9538B306}.Release|Any CPU.Build.0 = Release|Any CPU
		{18F5D4D2-C186-44E3-9A16-25BEC2FD1BA8}.Debug|Any CPU.ActiveCfg = Debug|Any CPU
		{18F5D4D2-C186-44E3-9A16-25BEC2FD1BA8}.Debug|Any CPU.Build.0 = Debug|Any CPU
		{18F5D4D2-C186-44E3-9A16-25BEC2FD1BA8}.Release|Any CPU.ActiveCfg = Release|Any CPU
		{18F5D4D2-C186-44E3-9A16-25BEC2FD1BA8}.Release|Any CPU.Build.0 = Release|Any CPU
		{72E83B64-24E0-4C46-8F45-F8623E5D5BEF}.Debug|Any CPU.ActiveCfg = Debug|Any CPU
		{72E83B64-24E0-4C46-8F45-F8623E5D5BEF}.Debug|Any CPU.Build.0 = Debug|Any CPU
		{72E83B64-24E0-4C46-8F45-F8623E5D5BEF}.Release|Any CPU.ActiveCfg = Release|Any CPU
		{72E83B64-24E0-4C46-8F45-F8623E5D5BEF}.Release|Any CPU.Build.0 = Release|Any CPU
	EndGlobalSection
	GlobalSection(SolutionProperties) = preSolution
		HideSolutionNode = FALSE
	EndGlobalSection
	GlobalSection(ExtensibilityGlobals) = postSolution
		SolutionGuid = {E607FEE4-F079-4A94-BD8E-1FF8BBA90AA8}
	EndGlobalSection
EndGlobal
